
Microsoft Visual Studio Solution File, Format Version 12.00
Project("{2150E333-8FDC-42A3-9474-1A3956D46DE8}") = "Data", "Data", "{58C03ACB-BAFD-4E66-94E4-684CF3D8D586}"
EndProject
Project("{2150E333-8FDC-42A3-9474-1A3956D46DE8}") = "Microservices", "Microservices", "{4943F0C3-8643-4D88-8CB3-97B3D8AD16EC}"
EndProject
Project("{2150E333-8FDC-42A3-9474-1A3956D46DE8}") = "BL", "BL", "{AF038821-A22F-4DED-9D80-EFC8E8E2776B}"
EndProject
Project("{FAE04EC0-301F-11D3-BF4B-00C04F79EFBC}") = "Donor.Data", "Donor.Data\Donor.Data.csproj", "{E5752B07-D011-4583-BFF9-D62BDC6D66C7}"
EndProject
Project("{FAE04EC0-301F-11D3-BF4B-00C04F79EFBC}") = "User.Data", "User.Data\User.Data.csproj", "{1511D5A3-96E5-4927-96AD-99A33D11248D}"
EndProject
Project("{FAE04EC0-301F-11D3-BF4B-00C04F79EFBC}") = "Location.Data", "Location.Data\Location.Data.csproj", "{B7D27435-9701-44BB-8771-A0F79825E3CD}"
EndProject
Project("{FAE04EC0-301F-11D3-BF4B-00C04F79EFBC}") = "BloodBank.Data", "BloodBank.Data\BloodBank.Data.csproj", "{AB2B70D7-F100-4E7A-A20E-46ED692A5D70}"
EndProject
Project("{FAE04EC0-301F-11D3-BF4B-00C04F79EFBC}") = "BloodBank.Logic", "BloodBank.Logic\BloodBank.Logic.csproj", "{0627C03F-69C9-41FF-A8FE-617C908BE8E0}"
EndProject
Project("{FAE04EC0-301F-11D3-BF4B-00C04F79EFBC}") = "Donor.Logic", "Donor.Logic\Donor.Logic.csproj", "{7D39F276-B22C-4F37-B4BB-88221A20B01B}"
EndProject
Project("{FAE04EC0-301F-11D3-BF4B-00C04F79EFBC}") = "User.Logic", "User.Logic\User.Logic.csproj", "{B55ED4A9-3777-416A-A69C-57609F2EB25B}"
EndProject
Project("{FAE04EC0-301F-11D3-BF4B-00C04F79EFBC}") = "Location.Logic", "Location.Logic\Location.Logic.csproj", "{E59C7646-5E7E-40ED-BC3C-45CA5003F8A1}"
EndProject
Project("{FAE04EC0-301F-11D3-BF4B-00C04F79EFBC}") = "BloodBankWebAPI", "BloodBankWebAPI\BloodBankWebAPI.csproj", "{E10D3DEF-AA35-4D8B-9E5B-1E5189D880DC}"
EndProject
Project("{FAE04EC0-301F-11D3-BF4B-00C04F79EFBC}") = "DonorWebAPI", "DonorWebAPI\DonorWebAPI.csproj", "{15B2212A-139E-4365-A1E9-E96C282866DD}"
EndProject
Project("{FAE04EC0-301F-11D3-BF4B-00C04F79EFBC}") = "Se4458FinalProjectApiGateway", "Se4458FinalProjectApiGateway\Se4458FinalProjectApiGateway.csproj", "{B32128F0-EC9F-4747-8CF9-1ED87EA7B900}"
EndProject
Project("{FAE04EC0-301F-11D3-BF4B-00C04F79EFBC}") = "LocationWebAPI", "LocationWebAPI\LocationWebAPI.csproj", "{585539CC-8A99-4D0A-8370-614B1D346F5A}"
EndProject
Project("{FAE04EC0-301F-11D3-BF4B-00C04F79EFBC}") = "UserWebAPI", "UserWebAPI\UserWebAPI.csproj", "{E97DA406-D260-4882-BBB2-87F2A522F26D}"
EndProject
Global
	GlobalSection(SolutionConfigurationPlatforms) = preSolution
		Debug|Any CPU = Debug|Any CPU
		Release|Any CPU = Release|Any CPU
	EndGlobalSection
	GlobalSection(NestedProjects) = preSolution
		{E5752B07-D011-4583-BFF9-D62BDC6D66C7} = {58C03ACB-BAFD-4E66-94E4-684CF3D8D586}
		{1511D5A3-96E5-4927-96AD-99A33D11248D} = {58C03ACB-BAFD-4E66-94E4-684CF3D8D586}
		{B7D27435-9701-44BB-8771-A0F79825E3CD} = {58C03ACB-BAFD-4E66-94E4-684CF3D8D586}
		{AB2B70D7-F100-4E7A-A20E-46ED692A5D70} = {58C03ACB-BAFD-4E66-94E4-684CF3D8D586}
		{0627C03F-69C9-41FF-A8FE-617C908BE8E0} = {AF038821-A22F-4DED-9D80-EFC8E8E2776B}
		{7D39F276-B22C-4F37-B4BB-88221A20B01B} = {AF038821-A22F-4DED-9D80-EFC8E8E2776B}
		{B55ED4A9-3777-416A-A69C-57609F2EB25B} = {AF038821-A22F-4DED-9D80-EFC8E8E2776B}
		{E59C7646-5E7E-40ED-BC3C-45CA5003F8A1} = {AF038821-A22F-4DED-9D80-EFC8E8E2776B}
		{E10D3DEF-AA35-4D8B-9E5B-1E5189D880DC} = {4943F0C3-8643-4D88-8CB3-97B3D8AD16EC}
		{15B2212A-139E-4365-A1E9-E96C282866DD} = {4943F0C3-8643-4D88-8CB3-97B3D8AD16EC}
		{585539CC-8A99-4D0A-8370-614B1D346F5A} = {4943F0C3-8643-4D88-8CB3-97B3D8AD16EC}
		{E97DA406-D260-4882-BBB2-87F2A522F26D} = {4943F0C3-8643-4D88-8CB3-97B3D8AD16EC}
	EndGlobalSection
	GlobalSection(ProjectConfigurationPlatforms) = postSolution
		{E5752B07-D011-4583-BFF9-D62BDC6D66C7}.Debug|Any CPU.ActiveCfg = Debug|Any CPU
		{E5752B07-D011-4583-BFF9-D62BDC6D66C7}.Debug|Any CPU.Build.0 = Debug|Any CPU
		{E5752B07-D011-4583-BFF9-D62BDC6D66C7}.Release|Any CPU.ActiveCfg = Release|Any CPU
		{E5752B07-D011-4583-BFF9-D62BDC6D66C7}.Release|Any CPU.Build.0 = Release|Any CPU
		{1511D5A3-96E5-4927-96AD-99A33D11248D}.Debug|Any CPU.ActiveCfg = Debug|Any CPU
		{1511D5A3-96E5-4927-96AD-99A33D11248D}.Debug|Any CPU.Build.0 = Debug|Any CPU
		{1511D5A3-96E5-4927-96AD-99A33D11248D}.Release|Any CPU.ActiveCfg = Release|Any CPU
		{1511D5A3-96E5-4927-96AD-99A33D11248D}.Release|Any CPU.Build.0 = Release|Any CPU
		{B7D27435-9701-44BB-8771-A0F79825E3CD}.Debug|Any CPU.ActiveCfg = Debug|Any CPU
		{B7D27435-9701-44BB-8771-A0F79825E3CD}.Debug|Any CPU.Build.0 = Debug|Any CPU
		{B7D27435-9701-44BB-8771-A0F79825E3CD}.Release|Any CPU.ActiveCfg = Release|Any CPU
		{B7D27435-9701-44BB-8771-A0F79825E3CD}.Release|Any CPU.Build.0 = Release|Any CPU
		{AB2B70D7-F100-4E7A-A20E-46ED692A5D70}.Debug|Any CPU.ActiveCfg = Debug|Any CPU
		{AB2B70D7-F100-4E7A-A20E-46ED692A5D70}.Debug|Any CPU.Build.0 = Debug|Any CPU
		{AB2B70D7-F100-4E7A-A20E-46ED692A5D70}.Release|Any CPU.ActiveCfg = Release|Any CPU
		{AB2B70D7-F100-4E7A-A20E-46ED692A5D70}.Release|Any CPU.Build.0 = Release|Any CPU
		{0627C03F-69C9-41FF-A8FE-617C908BE8E0}.Debug|Any CPU.ActiveCfg = Debug|Any CPU
		{0627C03F-69C9-41FF-A8FE-617C908BE8E0}.Debug|Any CPU.Build.0 = Debug|Any CPU
		{0627C03F-69C9-41FF-A8FE-617C908BE8E0}.Release|Any CPU.ActiveCfg = Release|Any CPU
		{0627C03F-69C9-41FF-A8FE-617C908BE8E0}.Release|Any CPU.Build.0 = Release|Any CPU
		{7D39F276-B22C-4F37-B4BB-88221A20B01B}.Debug|Any CPU.ActiveCfg = Debug|Any CPU
		{7D39F276-B22C-4F37-B4BB-88221A20B01B}.Debug|Any CPU.Build.0 = Debug|Any CPU
		{7D39F276-B22C-4F37-B4BB-88221A20B01B}.Release|Any CPU.ActiveCfg = Release|Any CPU
		{7D39F276-B22C-4F37-B4BB-88221A20B01B}.Release|Any CPU.Build.0 = Release|Any CPU
		{B55ED4A9-3777-416A-A69C-57609F2EB25B}.Debug|Any CPU.ActiveCfg = Debug|Any CPU
		{B55ED4A9-3777-416A-A69C-57609F2EB25B}.Debug|Any CPU.Build.0 = Debug|Any CPU
		{B55ED4A9-3777-416A-A69C-57609F2EB25B}.Release|Any CPU.ActiveCfg = Release|Any CPU
		{B55ED4A9-3777-416A-A69C-57609F2EB25B}.Release|Any CPU.Build.0 = Release|Any CPU
		{E59C7646-5E7E-40ED-BC3C-45CA5003F8A1}.Debug|Any CPU.ActiveCfg = Debug|Any CPU
		{E59C7646-5E7E-40ED-BC3C-45CA5003F8A1}.Debug|Any CPU.Build.0 = Debug|Any CPU
		{E59C7646-5E7E-40ED-BC3C-45CA5003F8A1}.Release|Any CPU.ActiveCfg = Release|Any CPU
		{E59C7646-5E7E-40ED-BC3C-45CA5003F8A1}.Release|Any CPU.Build.0 = Release|Any CPU
		{E10D3DEF-AA35-4D8B-9E5B-1E5189D880DC}.Debug|Any CPU.ActiveCfg = Debug|Any CPU
		{E10D3DEF-AA35-4D8B-9E5B-1E5189D880DC}.Debug|Any CPU.Build.0 = Debug|Any CPU
		{E10D3DEF-AA35-4D8B-9E5B-1E5189D880DC}.Release|Any CPU.ActiveCfg = Release|Any CPU
		{E10D3DEF-AA35-4D8B-9E5B-1E5189D880DC}.Release|Any CPU.Build.0 = Release|Any CPU
		{15B2212A-139E-4365-A1E9-E96C282866DD}.Debug|Any CPU.ActiveCfg = Debug|Any CPU
		{15B2212A-139E-4365-A1E9-E96C282866DD}.Debug|Any CPU.Build.0 = Debug|Any CPU
		{15B2212A-139E-4365-A1E9-E96C282866DD}.Release|Any CPU.ActiveCfg = Release|Any CPU
		{15B2212A-139E-4365-A1E9-E96C282866DD}.Release|Any CPU.Build.0 = Release|Any CPU
		{B32128F0-EC9F-4747-8CF9-1ED87EA7B900}.Debug|Any CPU.ActiveCfg = Debug|Any CPU
		{B32128F0-EC9F-4747-8CF9-1ED87EA7B900}.Debug|Any CPU.Build.0 = Debug|Any CPU
		{B32128F0-EC9F-4747-8CF9-1ED87EA7B900}.Release|Any CPU.ActiveCfg = Release|Any CPU
		{B32128F0-EC9F-4747-8CF9-1ED87EA7B900}.Release|Any CPU.Build.0 = Release|Any CPU
		{585539CC-8A99-4D0A-8370-614B1D346F5A}.Debug|Any CPU.ActiveCfg = Debug|Any CPU
		{585539CC-8A99-4D0A-8370-614B1D346F5A}.Debug|Any CPU.Build.0 = Debug|Any CPU
		{585539CC-8A99-4D0A-8370-614B1D346F5A}.Release|Any CPU.ActiveCfg = Release|Any CPU
		{585539CC-8A99-4D0A-8370-614B1D346F5A}.Release|Any CPU.Build.0 = Release|Any CPU
		{E97DA406-D260-4882-BBB2-87F2A522F26D}.Debug|Any CPU.ActiveCfg = Debug|Any CPU
		{E97DA406-D260-4882-BBB2-87F2A522F26D}.Debug|Any CPU.Build.0 = Debug|Any CPU
		{E97DA406-D260-4882-BBB2-87F2A522F26D}.Release|Any CPU.ActiveCfg = Release|Any CPU
		{E97DA406-D260-4882-BBB2-87F2A522F26D}.Release|Any CPU.Build.0 = Release|Any CPU
	EndGlobalSection
EndGlobal
